{
  "name": "Project-Atelier",
  "lockfileVersion": 2,
  "requires": true,
  "packages": {
    "": {
      "devDependencies": {
        "eslint-config-hackreactor": "git://github.com/reactorcore/eslint-config-hackreactor"
      },
      "engines": {
        "node": ">=6.13.0"
      }
    },
    "node_modules/eslint-config-hackreactor": {
      "version": "1.0.0",
      "resolved": "git+ssh://git@github.com/reactorcore/eslint-config-hackreactor.git#9111851f7214ed3e2817542b3777765bda3df98d",
      "dev": true,
      "license": "MIT"
    }
  },
  "dependencies": {
    "eslint-config-hackreactor": {
      "version": "git+ssh://git@github.com/reactorcore/eslint-config-hackreactor.git#9111851f7214ed3e2817542b3777765bda3df98d",
      "dev": true,
      "from": "eslint-config-hackreactor@git://github.com/reactorcore/eslint-config-hackreactor"
    }
  }
}
